
Microsoft Visual Studio Solution File, Format Version 12.00
# Visual Studio 15
VisualStudioVersion = 15.0.26730.12
MinimumVisualStudioVersion = 10.0.40219.1
Project("{9A19103F-16F7-4668-BE54-9A1E7A4F7556}") = "Web", "Web.csproj", "{B5FE715F-AB99-4FA6-AEC1-D3B644C76DF7}"
EndProject
Project("{9A19103F-16F7-4668-BE54-9A1E7A4F7556}") = "DAL", "..\DAL\DAL.csproj", "{D5ADB490-023F-487B-A850-03BAEAECF82E}"
EndProject
Project("{9A19103F-16F7-4668-BE54-9A1E7A4F7556}") = "BLL", "..\BLL\BLL.csproj", "{1F9D763A-0E47-4F70-8D30-20EA27756F65}"
EndProject
Project("{FAE04EC0-301F-11D3-BF4B-00C04F79EFBC}") = "Database", "..\Database\Database.csproj", "{F812A81E-EA85-4535-B116-F9B7A05FAFD9}"
EndProject
Global
	GlobalSection(SolutionConfigurationPlatforms) = preSolution
		Debug|Any CPU = Debug|Any CPU
		Release|Any CPU = Release|Any CPU
	EndGlobalSection
	GlobalSection(ProjectConfigurationPlatforms) = postSolution
		{B5FE715F-AB99-4FA6-AEC1-D3B644C76DF7}.Debug|Any CPU.ActiveCfg = Debug|Any CPU
		{B5FE715F-AB99-4FA6-AEC1-D3B644C76DF7}.Debug|Any CPU.Build.0 = Debug|Any CPU
		{B5FE715F-AB99-4FA6-AEC1-D3B644C76DF7}.Release|Any CPU.ActiveCfg = Release|Any CPU
		{B5FE715F-AB99-4FA6-AEC1-D3B644C76DF7}.Release|Any CPU.Build.0 = Release|Any CPU
		{D5ADB490-023F-487B-A850-03BAEAECF82E}.Debug|Any CPU.ActiveCfg = Debug|Any CPU
		{D5ADB490-023F-487B-A850-03BAEAECF82E}.Debug|Any CPU.Build.0 = Debug|Any CPU
		{D5ADB490-023F-487B-A850-03BAEAECF82E}.Release|Any CPU.ActiveCfg = Release|Any CPU
		{D5ADB490-023F-487B-A850-03BAEAECF82E}.Release|Any CPU.Build.0 = Release|Any CPU
		{1F9D763A-0E47-4F70-8D30-20EA27756F65}.Debug|Any CPU.ActiveCfg = Debug|Any CPU
		{1F9D763A-0E47-4F70-8D30-20EA27756F65}.Debug|Any CPU.Build.0 = Debug|Any CPU
		{1F9D763A-0E47-4F70-8D30-20EA27756F65}.Release|Any CPU.ActiveCfg = Release|Any CPU
		{1F9D763A-0E47-4F70-8D30-20EA27756F65}.Release|Any CPU.Build.0 = Release|Any CPU
		{F812A81E-EA85-4535-B116-F9B7A05FAFD9}.Debug|Any CPU.ActiveCfg = Debug|Any CPU
		{F812A81E-EA85-4535-B116-F9B7A05FAFD9}.Debug|Any CPU.Build.0 = Debug|Any CPU
		{F812A81E-EA85-4535-B116-F9B7A05FAFD9}.Release|Any CPU.ActiveCfg = Release|Any CPU
		{F812A81E-EA85-4535-B116-F9B7A05FAFD9}.Release|Any CPU.Build.0 = Release|Any CPU
	EndGlobalSection
	GlobalSection(SolutionProperties) = preSolution
		HideSolutionNode = FALSE
	EndGlobalSection
	GlobalSection(ExtensibilityGlobals) = postSolution
		SolutionGuid = {21FB23AA-9722-480A-B2FF-12B9FB568FDD}
	EndGlobalSection
EndGlobal
